
Microsoft Visual Studio Solution File, Format Version 12.00
# Visual Studio Version 16
VisualStudioVersion = 16.0.31005.135
MinimumVisualStudioVersion = 10.0.40219.1
Project("{FAE04EC0-301F-11D3-BF4B-00C04F79EFBC}") = "KingITGalishnikov", "KingITGalishnikov.csproj", "{909E1DE6-F76D-4269-81FF-26C3A8A206EB}"
EndProject
Global
	GlobalSection(SolutionConfigurationPlatforms) = preSolution
		Debug|Any CPU = Debug|Any CPU
		Release|Any CPU = Release|Any CPU
	EndGlobalSection
	GlobalSection(ProjectConfigurationPlatforms) = postSolution
		{909E1DE6-F76D-4269-81FF-26C3A8A206EB}.Debug|Any CPU.ActiveCfg = Debug|Any CPU
		{909E1DE6-F76D-4269-81FF-26C3A8A206EB}.Debug|Any CPU.Build.0 = Debug|Any CPU
		{909E1DE6-F76D-4269-81FF-26C3A8A206EB}.Release|Any CPU.ActiveCfg = Release|Any CPU
		{909E1DE6-F76D-4269-81FF-26C3A8A206EB}.Release|Any CPU.Build.0 = Release|Any CPU
	EndGlobalSection
	GlobalSection(SolutionProperties) = preSolution
		HideSolutionNode = FALSE
	EndGlobalSection
	GlobalSection(ExtensibilityGlobals) = postSolution
		SolutionGuid = {93F5178D-5AA2-45D0-B893-A5F2429E4E65}
	EndGlobalSection
EndGlobal
